
Microsoft Visual Studio Solution File, Format Version 12.00
# Visual Studio Version 17
VisualStudioVersion = 17.14.37328.6 d17.14
MinimumVisualStudioVersion = 10.0.40219.1
Project("{FAE04EC0-301F-11D3-BF4B-00C04F79EFBC}") = "SISTEMA_DE_VENTAS", "SISTEMA_DE_VENTAS\SISTEMA_DE_VENTAS.csproj", "{F79BCD64-F405-408D-8729-FA38588EF7E4}"
EndProject
Global
	GlobalSection(SolutionConfigurationPlatforms) = preSolution
		Debug|Any CPU = Debug|Any CPU
		Release|Any CPU = Release|Any CPU
	EndGlobalSection
	GlobalSection(ProjectConfigurationPlatforms) = postSolution
		{F79BCD64-F405-408D-8729-FA38588EF7E4}.Debug|Any CPU.ActiveCfg = Debug|Any CPU
		{F79BCD64-F405-408D-8729-FA38588EF7E4}.Debug|Any CPU.Build.0 = Debug|Any CPU
		{F79BCD64-F405-408D-8729-FA38588EF7E4}.Release|Any CPU.ActiveCfg = Release|Any CPU
		{F79BCD64-F405-408D-8729-FA38588EF7E4}.Release|Any CPU.Build.0 = Release|Any CPU
	EndGlobalSection
	GlobalSection(SolutionProperties) = preSolution
		HideSolutionNode = FALSE
	EndGlobalSection
	GlobalSection(ExtensibilityGlobals) = postSolution
		SolutionGuid = {F12B94AC-B13B-47EA-965A-E23E931BA074}
	EndGlobalSection
EndGlobal
